
Microsoft Visual Studio Solution File, Format Version 12.00
# Visual Studio Version 16
VisualStudioVersion = 16.0.30104.148
MinimumVisualStudioVersion = 10.0.40219.1
Project("{FAE04EC0-301F-11D3-BF4B-00C04F79EFBC}") = "AutoPaint", "AutoPaint.csproj", "{0A491D76-0D93-467B-85E6-B5F8AD4A72BB}"
EndProject
Global
	GlobalSection(SolutionConfigurationPlatforms) = preSolution
		Debug|Any CPU = Debug|Any CPU
		Release|Any CPU = Release|Any CPU
	EndGlobalSection
	GlobalSection(ProjectConfigurationPlatforms) = postSolution
		{0A491D76-0D93-467B-85E6-B5F8AD4A72BB}.Debug|Any CPU.ActiveCfg = Debug|Any CPU
		{0A491D76-0D93-467B-85E6-B5F8AD4A72BB}.Debug|Any CPU.Build.0 = Debug|Any CPU
		{0A491D76-0D93-467B-85E6-B5F8AD4A72BB}.Release|Any CPU.ActiveCfg = Release|Any CPU
		{0A491D76-0D93-467B-85E6-B5F8AD4A72BB}.Release|Any CPU.Build.0 = Release|Any CPU
	EndGlobalSection
	GlobalSection(SolutionProperties) = preSolution
		HideSolutionNode = FALSE
	EndGlobalSection
	GlobalSection(ExtensibilityGlobals) = postSolution
		SolutionGuid = {6CC58E99-03F3-4B80-8BC0-3AEAE63BB1CF}
	EndGlobalSection
EndGlobal
